// !$*UTF8*$!
{
	archiveVersion = 1;
	classes = {
	};
	objectVersion = 50;
	objects = {

/* Begin PBXBuildFile section */
		264DFEDE260D07EF0035EA15 /* AppDelegate.swift in Sources */ = {isa = PBXBuildFile; fileRef = 264DFEDD260D07EF0035EA15 /* AppDelegate.swift */; };
		264DFEE0260D07EF0035EA15 /* SceneDelegate.swift in Sources */ = {isa = PBXBuildFile; fileRef = 264DFEDF260D07EF0035EA15 /* SceneDelegate.swift */; };
		264DFEE2260D07EF0035EA15 /* ViewController.swift in Sources */ = {isa = PBXBuildFile; fileRef = 264DFEE1260D07EF0035EA15 /* ViewController.swift */; };
		264DFEE5260D07EF0035EA15 /* Main.storyboard in Resources */ = {isa = PBXBuildFile; fileRef = 264DFEE3260D07EF0035EA15 /* Main.storyboard */; };
		264DFEE7260D07F00035EA15 /* Assets.xcassets in Resources */ = {isa = PBXBuildFile; fileRef = 264DFEE6260D07F00035EA15 /* Assets.xcassets */; };
		264DFEEA260D07F00035EA15 /* LaunchScreen.storyboard in Resources */ = {isa = PBXBuildFile; fileRef = 264DFEE8260D07F00035EA15 /* LaunchScreen.storyboard */; };
/* End PBXBuildFile section */

/* Begin PBXFileReference section */
		264DFEDA260D07EF0035EA15 /* Pr2503.app */ = {isa = PBXFileReference; explicitFileType = wrapper.application; includeInIndex = 0; path = Pr2503.app; sourceTree = BUILT_PRODUCTS_DIR; };
		264DFEDD260D07EF0035EA15 /* AppDelegate.swift */ = {isa = PBXFileReference; lastKnownFileType = sourcecode.swift; path = AppDelegate.swift; sourceTree = "<group>"; };
		264DFEDF260D07EF0035EA15 /* SceneDelegate.swift */ = {isa = PBXFileReference; lastKnownFileType = sourcecode.swift; path = SceneDelegate.swift; sourceTree = "<group>"; };
		264DFEE1260D07EF0035EA15 /* ViewController.swift */ = {isa = PBXFileReference; lastKnownFileType = sourcecode.swift; path = ViewController.swift; sourceTree = "<group>"; };
		264DFEE4260D07EF0035EA15 /* Base */ = {isa = PBXFileReference; lastKnownFileType = file.storyboard; name = Base; path = Base.lproj/Main.storyboard; sourceTree = "<group>"; };
		264DFEE6260D07F00035EA15 /* Assets.xcassets */ = {isa = PBXFileReference; lastKnownFileType = folder.assetcatalog; path = Assets.xcassets; sourceTree = "<group>"; };
		264DFEE9260D07F00035EA15 /* Base */ = {isa = PBXFileReference; lastKnownFileType = file.storyboard; name = Base; path = Base.lproj/LaunchScreen.storyboard; sourceTree = "<group>"; };
		264DFEEB260D07F00035EA15 /* Info.plist */ = {isa = PBXFileReference; lastKnownFileType = text.plist.xml; path = Info.plist; sourceTree = "<group>"; };
/* End PBXFileReference section */

/* Begin PBXFrameworksBuildPhase section */
		264DFED7260D07EF0035EA15 /* Frameworks */ = {
			isa = PBXFrameworksBuildPhase;
			buildActionMask = 2147483647;
			files = (
			);
			runOnlyForDeploymentPostprocessing = 0;
		};
/* End PBXFrameworksBuildPhase section */

/* Begin PBXGroup section */
		264DFED1260D07EF0035EA15 = {
			isa = PBXGroup;
			children = (
				264DFEDC260D07EF0035EA15 /* Pr2503 */,
				264DFEDB260D07EF0035EA15 /* Products */,
			);
			sourceTree = "<group>";
		};
		264DFEDB260D07EF0035EA15 /* Products */ = {
			isa = PBXGroup;
			children = (
				264DFEDA260D07EF0035EA15 /* Pr2503.app */,
			);
			name = Products;
			sourceTree = "<group>";
		};
		264DFEDC260D07EF0035EA15 /* Pr2503 */ = {
			isa = PBXGroup;
			children = (
				264DFEDD260D07EF0035EA15 /* AppDelegate.swift */,
				264DFEDF260D07EF0035EA15 /* SceneDelegate.swift */,
				264DFEE1260D07EF0035EA15 /* ViewController.swift */,
				264DFEE3260D07EF0035EA15 /* Main.storyboard */,
				264DFEE6260D07F00035EA15 /* Assets.xcassets */,
				264DFEE8260D07F00035EA15 /* LaunchScreen.storyboard */,
				264DFEEB260D07F00035EA15 /* Info.plist */,
			);
			path = Pr2503;
			sourceTree = "<group>";
		};
/* End PBXGroup section */

/* Begin PBXNativeTarget section */
		264DFED9260D07EF0035EA15 /* Pr2503 */ = {
			isa = PBXNativeTarget;
			buildConfigurationList = 264DFEEE260D07F00035EA15 /* Build configuration list for PBXNativeTarget "Pr2503" */;
			buildPhases = (
				264DFED6260D07EF0035EA15 /* Sources */,
				264DFED7260D07EF0035EA15 /* Frameworks */,
				264DFED8260D07EF0035EA15 /* Resources */,
			);
			buildRules = (
			);
			dependencies = (
			);
			name = Pr2503;
			productName = Pr2503;
			productReference = 264DFEDA260D07EF0035EA15 /* Pr2503.app */;
			productType = "com.apple.product-type.application";
		};
/* End PBXNativeTarget section */

/* Begin PBXProject section */
		264DFED2260D07EF0035EA15 /* Project object */ = {
			isa = PBXProject;
			attributes = {
				LastSwiftUpdateCheck = 1240;
				LastUpgradeCheck = 1240;
				TargetAttributes = {
					264DFED9260D07EF0035EA15 = {
						CreatedOnToolsVersion = 12.4;
					};
				};
			};
			buildConfigurationList = 264DFED5260D07EF0035EA15 /* Build configuration list for PBXProject "Pr2503" */;
			compatibilityVersion = "Xcode 9.3";
			developmentRegion = en;
			hasScannedForEncodings = 0;
			knownRegions = (
				en,
				Base,
			);
			mainGroup = 264DFED1260D07EF0035EA15;
			productRefGroup = 264DFEDB260D07EF0035EA15 /* Products */;
			projectDirPath = "";
			projectRoot = "";
			targets = (
				264DFED9260D07EF0035EA15 /* Pr2503 */,
			);
		};
/* End PBXProject section */

/* Begin PBXResourcesBuildPhase section */
		264DFED8260D07EF0035EA15 /* Resources */ = {
			isa = PBXResourcesBuildPhase;
			buildActionMask = 2147483647;
			files = (
				264DFEEA260D07F00035EA15 /* LaunchScreen.storyboard in Resources */,
				264DFEE7260D07F00035EA15 /* Assets.xcassets in Resources */,
				264DFEE5260D07EF0035EA15 /* Main.storyboard in Resources */,
			);
			runOnlyForDeploymentPostprocessing = 0;
		};
/* End PBXResourcesBuildPhase section */

/* Begin PBXSourcesBuildPhase section */
		264DFED6260D07EF0035EA15 /* Sources */ = {
			isa = PBXSourcesBuildPhase;
			buildActionMask = 2147483647;
			files = (
				264DFEE2260D07EF0035EA15 /* ViewController.swift in Sources */,
				264DFEDE260D07EF0035EA15 /* AppDelegate.swift in Sources */,
				264DFEE0260D07EF0035EA15 /* SceneDelegate.swift in Sources */,
			);
			runOnlyForDeploymentPostprocessing = 0;
		};
/* End PBXSourcesBuildPhase section */

/* Begin PBXVariantGroup section */
		264DFEE3260D07EF0035EA15 /* Main.storyboard */ = {
			isa = PBXVariantGroup;
			children = (
				264DFEE4260D07EF0035EA15 /* Base */,
			);
			name = Main.storyboard;
			sourceTree = "<group>";
		};
		264DFEE8260D07F00035EA15 /* LaunchScreen.storyboard */ = {
			isa = PBXVariantGroup;
			children = (
				264DFEE9260D07F00035EA15 /* Base */,
			);
			name = LaunchScreen.storyboard;
			sourceTree = "<group>";
		};
/* End PBXVariantGroup section */

/* Begin XCBuildConfiguration section */
		264DFEEC260D07F00035EA15 /* Debug */ = {
			isa = XCBuildConfiguration;
			buildSettings = {
				ALWAYS_SEARCH_USER_PATHS = NO;
				CLANG_ANALYZER_NONNULL = YES;
				CLANG_ANALYZER_NUMBER_OBJECT_CONVERSION = YES_AGGRESSIVE;
				CLANG_CXX_LANGUAGE_STANDARD = "gnu++14";
				CLANG_CXX_LIBRARY = "libc++";
				CLANG_ENABLE_MODULES = YES;
				CLANG_ENABLE_OBJC_ARC = YES;
				CLANG_ENABLE_OBJC_WEAK = YES;
				CLANG_WARN_BLOCK_CAPTURE_AUTORELEASING = YES;
				CLANG_WARN_BOOL_CONVERSION = YES;
				CLANG_WARN_COMMA = YES;
				CLANG_WARN_CONSTANT_CONVERSION = YES;
				CLANG_WARN_DEPRECATED_OBJC_IMPLEMENTATIONS = YES;
				CLANG_WARN_DIRECT_OBJC_ISA_USAGE = YES_ERROR;
				CLANG_WARN_DOCUMENTATION_COMMENTS = YES;
				CLANG_WARN_EMPTY_BODY = YES;
				CLANG_WARN_ENUM_CONVERSION = YES;
				CLANG_WARN_INFINITE_RECURSION = YES;
				CLANG_WARN_INT_CONVERSION = YES;
				CLANG_WARN_NON_LITERAL_NULL_CONVERSION = YES;
				CLANG_WARN_OBJC_IMPLICIT_RETAIN_SELF = YES;
				CLANG_WARN_OBJC_LITERAL_CONVERSION = YES;
				CLANG_WARN_OBJC_ROOT_CLASS = YES_ERROR;
				CLANG_WARN_QUOTED_INCLUDE_IN_FRAMEWORK_HEADER = YES;
				CLANG_WARN_RANGE_LOOP_ANALYSIS = YES;
				CLANG_WARN_STRICT_PROTOTYPES = YES;
				CLANG_WARN_SUSPICIOUS_MOVE = YES;
				CLANG_WARN_UNGUARDED_AVAILABILITY = YES_AGGRESSIVE;
				CLANG_WARN_UNREACHABLE_CODE = YES;
				CLANG_WARN__DUPLICATE_METHOD_MATCH = YES;
				COPY_PHASE_STRIP = NO;
				DEBUG_INFORMATION_FORMAT = dwarf;
				ENABLE_STRICT_OBJC_MSGSEND = YES;
				ENABLE_TESTABILITY = YES;
				GCC_C_LANGUAGE_STANDARD = gnu11;
				GCC_DYNAMIC_NO_PIC = NO;
				GCC_NO_COMMON_BLOCKS = YES;
				GCC_OPTIMIZATION_LEVEL = 0;
				GCC_PREPROCESSOR_DEFINITIONS = (
					"DEBUG=1",
					"$(inherited)",
				);
				GCC_WARN_64_TO_32_BIT_CONVERSION = YES;
				GCC_WARN_ABOUT_RETURN_TYPE = YES_ERROR;
				GCC_WARN_UNDECLARED_SELECTOR = YES;
				GCC_WARN_UNINITIALIZED_AUTOS = YES_AGGRESSIVE;
				GCC_WARN_UNUSED_FUNCTION = YES;
				GCC_WARN_UNUSED_VARIABLE = YES;
				IPHONEOS_DEPLOYMENT_TARGET = 14.4;
				MTL_ENABLE_DEBUG_INFO = INCLUDE_SOURCE;
				MTL_FAST_MATH = YES;
				ONLY_ACTIVE_ARCH = YES;
				SDKROOT = iphoneos;
				SWIFT_ACTIVE_COMPILATION_CONDITIONS = DEBUG;
				SWIFT_OPTIMIZATION_LEVEL = "-Onone";
			};
			name = Debug;
		};
		264DFEED260D07F00035EA15 /* Release */ = {
			isa = XCBuildConfiguration;
			buildSettings = {
				ALWAYS_SEARCH_USER_PATHS = NO;
				CLANG_ANALYZER_NONNULL = YES;
				CLANG_ANALYZER_NUMBER_OBJECT_CONVERSION = YES_AGGRESSIVE;
				CLANG_CXX_LANGUAGE_STANDARD = "gnu++14";
				CLANG_CXX_LIBRARY = "libc++";
				CLANG_ENABLE_MODULES = YES;
				CLANG_ENABLE_OBJC_ARC = YES;
				CLANG_ENABLE_OBJC_WEAK = YES;
				CLANG_WARN_BLOCK_CAPTURE_AUTORELEASING = YES;
				CLANG_WARN_BOOL_CONVERSION = YES;
				CLANG_WARN_COMMA = YES;
				CLANG_WARN_CONSTANT_CONVERSION = YES;
				CLANG_WARN_DEPRECATED_OBJC_IMPLEMENTATIONS = YES;
				CLANG_WARN_DIRECT_OBJC_ISA_USAGE = YES_ERROR;
				CLANG_WARN_DOCUMENTATION_COMMENTS = YES;
				CLANG_WARN_EMPTY_BODY = YES;
				CLANG_WARN_ENUM_CONVERSION = YES;
				CLANG_WARN_INFINITE_RECURSION = YES;
				CLANG_WARN_INT_CONVERSION = YES;
				CLANG_WARN_NON_LITERAL_NULL_CONVERSION = YES;
				CLANG_WARN_OBJC_IMPLICIT_RETAIN_SELF = YES;
				CLANG_WARN_OBJC_LITERAL_CONVERSION = YES;
				CLANG_WARN_OBJC_ROOT_CLASS = YES_ERROR;
				CLANG_WARN_QUOTED_INCLUDE_IN_FRAMEWORK_HEADER = YES;
				CLANG_WARN_RANGE_LOOP_ANALYSIS = YES;
				CLANG_WARN_STRICT_PROTOTYPES = YES;
				CLANG_WARN_SUSPICIOUS_MOVE = YES;
				CLANG_WARN_UNGUARDED_AVAILABILITY = YES_AGGRESSIVE;
				CLANG_WARN_UNREACHABLE_CODE = YES;
				CLANG_WARN__DUPLICATE_METHOD_MATCH = YES;
				COPY_PHASE_STRIP = NO;
				DEBUG_INFORMATION_FORMAT = "dwarf-with-dsym";
				ENABLE_NS_ASSERTIONS = NO;
				ENABLE_STRICT_OBJC_MSGSEND = YES;
				GCC_C_LANGUAGE_STANDARD = gnu11;
				GCC_NO_COMMON_BLOCKS = YES;
				GCC_WARN_64_TO_32_BIT_CONVERSION = YES;
				GCC_WARN_ABOUT_RETURN_TYPE = YES_ERROR;
				GCC_WARN_UNDECLARED_SELECTOR = YES;
				GCC_WARN_UNINITIALIZED_AUTOS = YES_AGGRESSIVE;
				GCC_WARN_UNUSED_FUNCTION = YES;
				GCC_WARN_UNUSED_VARIABLE = YES;
				IPHONEOS_DEPLOYMENT_TARGET = 14.4;
				MTL_ENABLE_DEBUG_INFO = NO;
				MTL_FAST_MATH = YES;
				SDKROOT = iphoneos;
				SWIFT_COMPILATION_MODE = wholemodule;
				SWIFT_OPTIMIZATION_LEVEL = "-O";
				VALIDATE_PRODUCT = YES;
			};
			name = Release;
		};
		264DFEEF260D07F00035EA15 /* Debug */ = {
			isa = XCBuildConfiguration;
			buildSettings = {
				ASSETCATALOG_COMPILER_APPICON_NAME = AppIcon;
				ASSETCATALOG_COMPILER_GLOBAL_ACCENT_COLOR_NAME = AccentColor;
				CODE_SIGN_STYLE = Automatic;
				DEVELOPMENT_TEAM = CC9X6PH2C6;
				INFOPLIST_FILE = Pr2503/Info.plist;
				LD_RUNPATH_SEARCH_PATHS = (
					"$(inherited)",
					"@executable_path/Frameworks",
				);
				PRODUCT_BUNDLE_IDENTIFIER = com.mamba.Pr2503;
				PRODUCT_NAME = "$(TARGET_NAME)";
				SWIFT_VERSION = 5.0;
				TARGETED_DEVICE_FAMILY = "1,2";
			};
			name = Debug;
		};
		264DFEF0260D07F00035EA15 /* Release */ = {
			isa = XCBuildConfiguration;
			buildSettings = {
				ASSETCATALOG_COMPILER_APPICON_NAME = AppIcon;
				ASSETCATALOG_COMPILER_GLOBAL_ACCENT_COLOR_NAME = AccentColor;
				CODE_SIGN_STYLE = Automatic;
				DEVELOPMENT_TEAM = CC9X6PH2C6;
				INFOPLIST_FILE = Pr2503/Info.plist;
				LD_RUNPATH_SEARCH_PATHS = (
					"$(inherited)",
					"@executable_path/Frameworks",
				);
				PRODUCT_BUNDLE_IDENTIFIER = com.mamba.Pr2503;
				PRODUCT_NAME = "$(TARGET_NAME)";
				SWIFT_VERSION = 5.0;
				TARGETED_DEVICE_FAMILY = "1,2";
			};
			name = Release;
		};
/* End XCBuildConfiguration section */

/* Begin XCConfigurationList section */
		264DFED5260D07EF0035EA15 /* Build configuration list for PBXProject "Pr2503" */ = {
			isa = XCConfigurationList;
			buildConfigurations = (
				264DFEEC260D07F00035EA15 /* Debug */,
				264DFEED260D07F00035EA15 /* Release */,
			);
			defaultConfigurationIsVisible = 0;
			defaultConfigurationName = Release;
		};
		264DFEEE260D07F00035EA15 /* Build configuration list for PBXNativeTarget "Pr2503" */ = {
			isa = XCConfigurationList;
			buildConfigurations = (
				264DFEEF260D07F00035EA15 /* Debug */,
				264DFEF0260D07F00035EA15 /* Release */,
			);
			defaultConfigurationIsVisible = 0;
			defaultConfigurationName = Release;
		};
/* End XCConfigurationList section */
	};
	rootObject = 264DFED2260D07EF0035EA15 /* Project object */;
}
